
Microsoft Visual Studio Solution File, Format Version 12.00
# Visual Studio Version 17
VisualStudioVersion = 17.3.32929.385
MinimumVisualStudioVersion = 10.0.40219.1
Project("{FAE04EC0-301F-11D3-BF4B-00C04F79EFBC}") = "PL", "PL\PL.csproj", "{CF666F4C-D613-4CB9-8CB9-283E1DAE3F1F}"
EndProject
Project("{FAE04EC0-301F-11D3-BF4B-00C04F79EFBC}") = "BL", "BL\BL.csproj", "{341F0088-4675-4AAA-B4D8-FAB0346855D7}"
EndProject
Project("{FAE04EC0-301F-11D3-BF4B-00C04F79EFBC}") = "ML", "ML\ML.csproj", "{491EE785-8AEF-4CB4-92FD-F40BC78B28D2}"
EndProject
Project("{FAE04EC0-301F-11D3-BF4B-00C04F79EFBC}") = "DL", "DL\DL.csproj", "{BEA73627-F63D-4AE7-8CF6-C444E130B952}"
EndProject
Global
	GlobalSection(SolutionConfigurationPlatforms) = preSolution
		Debug|Any CPU = Debug|Any CPU
		Release|Any CPU = Release|Any CPU
	EndGlobalSection
	GlobalSection(ProjectConfigurationPlatforms) = postSolution
		{CF666F4C-D613-4CB9-8CB9-283E1DAE3F1F}.Debug|Any CPU.ActiveCfg = Debug|Any CPU
		{CF666F4C-D613-4CB9-8CB9-283E1DAE3F1F}.Debug|Any CPU.Build.0 = Debug|Any CPU
		{CF666F4C-D613-4CB9-8CB9-283E1DAE3F1F}.Release|Any CPU.ActiveCfg = Release|Any CPU
		{CF666F4C-D613-4CB9-8CB9-283E1DAE3F1F}.Release|Any CPU.Build.0 = Release|Any CPU
		{341F0088-4675-4AAA-B4D8-FAB0346855D7}.Debug|Any CPU.ActiveCfg = Debug|Any CPU
		{341F0088-4675-4AAA-B4D8-FAB0346855D7}.Debug|Any CPU.Build.0 = Debug|Any CPU
		{341F0088-4675-4AAA-B4D8-FAB0346855D7}.Release|Any CPU.ActiveCfg = Release|Any CPU
		{341F0088-4675-4AAA-B4D8-FAB0346855D7}.Release|Any CPU.Build.0 = Release|Any CPU
		{491EE785-8AEF-4CB4-92FD-F40BC78B28D2}.Debug|Any CPU.ActiveCfg = Debug|Any CPU
		{491EE785-8AEF-4CB4-92FD-F40BC78B28D2}.Debug|Any CPU.Build.0 = Debug|Any CPU
		{491EE785-8AEF-4CB4-92FD-F40BC78B28D2}.Release|Any CPU.ActiveCfg = Release|Any CPU
		{491EE785-8AEF-4CB4-92FD-F40BC78B28D2}.Release|Any CPU.Build.0 = Release|Any CPU
		{BEA73627-F63D-4AE7-8CF6-C444E130B952}.Debug|Any CPU.ActiveCfg = Debug|Any CPU
		{BEA73627-F63D-4AE7-8CF6-C444E130B952}.Debug|Any CPU.Build.0 = Debug|Any CPU
		{BEA73627-F63D-4AE7-8CF6-C444E130B952}.Release|Any CPU.ActiveCfg = Release|Any CPU
		{BEA73627-F63D-4AE7-8CF6-C444E130B952}.Release|Any CPU.Build.0 = Release|Any CPU
	EndGlobalSection
	GlobalSection(SolutionProperties) = preSolution
		HideSolutionNode = FALSE
	EndGlobalSection
	GlobalSection(ExtensibilityGlobals) = postSolution
		SolutionGuid = {3E699DE1-4909-4F53-B523-1A070756F15D}
	EndGlobalSection
EndGlobal
